// !$*UTF8*$!
{
	archiveVersion = 1;
	classes = {
	};
	objectVersion = 55;
	objects = {

/* Begin PBXBuildFile section */
		1862D182284345E700FADECC /* ServerDataDrivenUITests.swift in Sources */ = {isa = PBXBuildFile; fileRef = 1862D181284345E700FADECC /* ServerDataDrivenUITests.swift */; };
		1862D184284345E700FADECC /* ServerDataDrivenUILaunchTests.swift in Sources */ = {isa = PBXBuildFile; fileRef = 1862D183284345E700FADECC /* ServerDataDrivenUILaunchTests.swift */; };
		1862D191284345E700FADECC /* ServerDataDrivenUIMain.swift in Sources */ = {isa = PBXBuildFile; fileRef = 1862D169284345E400FADECC /* ServerDataDrivenUIMain.swift */; };
		1862D193284345E700FADECC /* GenericView.swift in Sources */ = {isa = PBXBuildFile; fileRef = 1862D16A284345E400FADECC /* GenericView.swift */; };
		1862D195284345E700FADECC /* Assets.xcassets in Resources */ = {isa = PBXBuildFile; fileRef = 1862D16B284345E600FADECC /* Assets.xcassets */; };
		1862D1A62843583800FADECC /* OTPLoginViewModel.swift in Sources */ = {isa = PBXBuildFile; fileRef = 1862D1A52843583800FADECC /* OTPLoginViewModel.swift */; };
		1862D1A92843585C00FADECC /* UserDetailsViewModel.swift in Sources */ = {isa = PBXBuildFile; fileRef = 1862D1A82843585C00FADECC /* UserDetailsViewModel.swift */; };
		1862D1AD284358C500FADECC /* Designable.swift in Sources */ = {isa = PBXBuildFile; fileRef = 1862D1AC284358C500FADECC /* Designable.swift */; };
		1862D1B0284358D600FADECC /* Validatable.swift in Sources */ = {isa = PBXBuildFile; fileRef = 1862D1AF284358D600FADECC /* Validatable.swift */; };
		1862D1B3284358E900FADECC /* Validator.swift in Sources */ = {isa = PBXBuildFile; fileRef = 1862D1B2284358E900FADECC /* Validator.swift */; };
		1862D1C628436A7A00FADECC /* Validation.swift in Sources */ = {isa = PBXBuildFile; fileRef = 1862D1C528436A7A00FADECC /* Validation.swift */; };
		1862D1C928436AF500FADECC /* ComponentStateRule.swift in Sources */ = {isa = PBXBuildFile; fileRef = 1862D1C828436AF500FADECC /* ComponentStateRule.swift */; };
		1862D1CD28436D8900FADECC /* APIEndpoint.swift in Sources */ = {isa = PBXBuildFile; fileRef = 1862D1CC28436D8900FADECC /* APIEndpoint.swift */; };
		1862D1D328437A0D00FADECC /* LaunchScreen.storyboard in Resources */ = {isa = PBXBuildFile; fileRef = 1862D1D228437A0D00FADECC /* LaunchScreen.storyboard */; };
		1867150F2854F1C1001F5060 /* ActivityIndicator.swift in Sources */ = {isa = PBXBuildFile; fileRef = 1867150E2854F1C1001F5060 /* ActivityIndicator.swift */; };
		1867151128556AD5001F5060 /* UIActionComponentModel.swift in Sources */ = {isa = PBXBuildFile; fileRef = 1867151028556AD5001F5060 /* UIActionComponentModel.swift */; };
		186715192855AE88001F5060 /* GenericViewProtocol.swift in Sources */ = {isa = PBXBuildFile; fileRef = 186715182855AE88001F5060 /* GenericViewProtocol.swift */; };
		1867151B2855AED8001F5060 /* ComponentAction.swift in Sources */ = {isa = PBXBuildFile; fileRef = 1867151A2855AED8001F5060 /* ComponentAction.swift */; };
		1867151D28562904001F5060 /* UIBaseActionComponentModel.swift in Sources */ = {isa = PBXBuildFile; fileRef = 1867151C28562904001F5060 /* UIBaseActionComponentModel.swift */; };
		1867151F2856E859001F5060 /* NetworkDataService.swift in Sources */ = {isa = PBXBuildFile; fileRef = 1867151E2856E859001F5060 /* NetworkDataService.swift */; };
		186715212856E8A2001F5060 /* APIConfig.swift in Sources */ = {isa = PBXBuildFile; fileRef = 186715202856E8A2001F5060 /* APIConfig.swift */; };
		186715272856E918001F5060 /* Cancellable.swift in Sources */ = {isa = PBXBuildFile; fileRef = 186715262856E918001F5060 /* Cancellable.swift */; };
		186715292856E93D001F5060 /* NetworkOperationsManager.swift in Sources */ = {isa = PBXBuildFile; fileRef = 186715282856E93D001F5060 /* NetworkOperationsManager.swift */; };
		18671531285DC628001F5060 /* ViewDataModel.swift in Sources */ = {isa = PBXBuildFile; fileRef = 18671530285DC628001F5060 /* ViewDataModel.swift */; };
		18671533285DD138001F5060 /* EnumDataModel.swift in Sources */ = {isa = PBXBuildFile; fileRef = 18671532285DD138001F5060 /* EnumDataModel.swift */; };
		18671539285DE244001F5060 /* ViewDataModelData.json in Resources */ = {isa = PBXBuildFile; fileRef = 18671538285DE244001F5060 /* ViewDataModelData.json */; };
		1867153B285DE557001F5060 /* GenericViewRepo.swift in Sources */ = {isa = PBXBuildFile; fileRef = 1867153A285DE557001F5060 /* GenericViewRepo.swift */; };
		18671541285EDFD8001F5060 /* ComponentModelFactory.swift in Sources */ = {isa = PBXBuildFile; fileRef = 18671540285EDFD8001F5060 /* ComponentModelFactory.swift */; };
		18671543285F3987001F5060 /* EnumData.json in Resources */ = {isa = PBXBuildFile; fileRef = 18671542285F3987001F5060 /* EnumData.json */; };
		18B8C47828437CAE00B43C57 /* TextFieldComponentModel.swift in Sources */ = {isa = PBXBuildFile; fileRef = 18B8C47728437CAE00B43C57 /* TextFieldComponentModel.swift */; };
		18B8C47B28437CD400B43C57 /* TextFieldComponent.swift in Sources */ = {isa = PBXBuildFile; fileRef = 18B8C47A28437CD400B43C57 /* TextFieldComponent.swift */; };
		18B8C47E2843978600B43C57 /* PhoneFieldComponent.swift in Sources */ = {isa = PBXBuildFile; fileRef = 18B8C47D2843978600B43C57 /* PhoneFieldComponent.swift */; };
		18B8C4812843979900B43C57 /* PhoneFieldComponentModel.swift in Sources */ = {isa = PBXBuildFile; fileRef = 18B8C4802843979900B43C57 /* PhoneFieldComponentModel.swift */; };
		18B8C484284397BA00B43C57 /* UIComponentModel.swift in Sources */ = {isa = PBXBuildFile; fileRef = 18B8C483284397BA00B43C57 /* UIComponentModel.swift */; };
		18B8C487284399A600B43C57 /* GenericViewModel.swift in Sources */ = {isa = PBXBuildFile; fileRef = 18B8C486284399A600B43C57 /* GenericViewModel.swift */; };
		18B8C48C2845454100B43C57 /* Dropdown.swift in Sources */ = {isa = PBXBuildFile; fileRef = 18B8C48B2845454100B43C57 /* Dropdown.swift */; };
		18CB3D33284B6F5500AE132F /* GenericButtonComponent.swift in Sources */ = {isa = PBXBuildFile; fileRef = 18CB3D32284B6F5500AE132F /* GenericButtonComponent.swift */; };
		18CB3D35284B6F6F00AE132F /* GenericButtonComponentModel.swift in Sources */ = {isa = PBXBuildFile; fileRef = 18CB3D34284B6F6F00AE132F /* GenericButtonComponentModel.swift */; };
		18CB3D39284BB9D200AE132F /* TimerButtonComponentModel.swift in Sources */ = {isa = PBXBuildFile; fileRef = 18CB3D38284BB7F800AE132F /* TimerButtonComponentModel.swift */; };
		18CB3D3A284BB9D400AE132F /* TimerButtonComponent.swift in Sources */ = {isa = PBXBuildFile; fileRef = 18CB3D36284BB7A600AE132F /* TimerButtonComponent.swift */; };
		18CB3D43284D004600AE132F /* AnyCodable in Frameworks */ = {isa = PBXBuildFile; productRef = 18CB3D42284D004600AE132F /* AnyCodable */; };
		18CB3D45284D020400AE132F /* UIDisplayComponentModel.swift in Sources */ = {isa = PBXBuildFile; fileRef = 18CB3D44284D020400AE132F /* UIDisplayComponentModel.swift */; };
		18CB3D47284D021400AE132F /* UIInputComponentModel.swift in Sources */ = {isa = PBXBuildFile; fileRef = 18CB3D46284D021400AE132F /* UIInputComponentModel.swift */; };
		18CB3D4C284EE49F00AE132F /* UIBaseInputComponentModel.swift in Sources */ = {isa = PBXBuildFile; fileRef = 18CB3D4B284EE49F00AE132F /* UIBaseInputComponentModel.swift */; };
		18CB3D4F284EE97500AE132F /* UIBaseComponentModel.swift in Sources */ = {isa = PBXBuildFile; fileRef = 18CB3D4E284EE97500AE132F /* UIBaseComponentModel.swift */; };
		18CB3D5328501FA600AE132F /* TitleSubtitleComponent.swift in Sources */ = {isa = PBXBuildFile; fileRef = 18CB3D5228501FA600AE132F /* TitleSubtitleComponent.swift */; };
		18CB3D5528501FB100AE132F /* TitleSubtitleComponentModel.swift in Sources */ = {isa = PBXBuildFile; fileRef = 18CB3D5428501FB100AE132F /* TitleSubtitleComponentModel.swift */; };
/* End PBXBuildFile section */

/* Begin PBXContainerItemProxy section */
		1862D17E284345E700FADECC /* PBXContainerItemProxy */ = {
			isa = PBXContainerItemProxy;
			containerPortal = 1862D164284345E300FADECC /* Project object */;
			proxyType = 1;
			remoteGlobalIDString = 1862D16F284345E700FADECC;
			remoteInfo = "ServerDataDrivenUI (iOS)";
		};
/* End PBXContainerItemProxy section */

/* Begin PBXFileReference section */
		1862D169284345E400FADECC /* ServerDataDrivenUIMain.swift */ = {isa = PBXFileReference; lastKnownFileType = sourcecode.swift; path = ServerDataDrivenUIMain.swift; sourceTree = "<group>"; };
		1862D16A284345E400FADECC /* GenericView.swift */ = {isa = PBXFileReference; lastKnownFileType = sourcecode.swift; path = GenericView.swift; sourceTree = "<group>"; };
		1862D16B284345E600FADECC /* Assets.xcassets */ = {isa = PBXFileReference; lastKnownFileType = folder.assetcatalog; path = Assets.xcassets; sourceTree = "<group>"; };
		1862D170284345E700FADECC /* ServerDataDrivenUI.app */ = {isa = PBXFileReference; explicitFileType = wrapper.application; includeInIndex = 0; path = ServerDataDrivenUI.app; sourceTree = BUILT_PRODUCTS_DIR; };
		1862D17D284345E700FADECC /* Tests iOS.xctest */ = {isa = PBXFileReference; explicitFileType = wrapper.cfbundle; includeInIndex = 0; path = "Tests iOS.xctest"; sourceTree = BUILT_PRODUCTS_DIR; };
		1862D181284345E700FADECC /* ServerDataDrivenUITests.swift */ = {isa = PBXFileReference; lastKnownFileType = sourcecode.swift; path = ServerDataDrivenUITests.swift; sourceTree = "<group>"; };
		1862D183284345E700FADECC /* ServerDataDrivenUILaunchTests.swift */ = {isa = PBXFileReference; lastKnownFileType = sourcecode.swift; path = ServerDataDrivenUILaunchTests.swift; sourceTree = "<group>"; };
		1862D1A52843583800FADECC /* OTPLoginViewModel.swift */ = {isa = PBXFileReference; lastKnownFileType = sourcecode.swift; path = OTPLoginViewModel.swift; sourceTree = "<group>"; };
		1862D1A82843585C00FADECC /* UserDetailsViewModel.swift */ = {isa = PBXFileReference; lastKnownFileType = sourcecode.swift; path = UserDetailsViewModel.swift; sourceTree = "<group>"; };
		1862D1AC284358C500FADECC /* Designable.swift */ = {isa = PBXFileReference; lastKnownFileType = sourcecode.swift; path = Designable.swift; sourceTree = "<group>"; };
		1862D1AF284358D600FADECC /* Validatable.swift */ = {isa = PBXFileReference; lastKnownFileType = sourcecode.swift; path = Validatable.swift; sourceTree = "<group>"; };
		1862D1B2284358E900FADECC /* Validator.swift */ = {isa = PBXFileReference; lastKnownFileType = sourcecode.swift; path = Validator.swift; sourceTree = "<group>"; };
		1862D1C528436A7A00FADECC /* Validation.swift */ = {isa = PBXFileReference; lastKnownFileType = sourcecode.swift; path = Validation.swift; sourceTree = "<group>"; };
		1862D1C828436AF500FADECC /* ComponentStateRule.swift */ = {isa = PBXFileReference; lastKnownFileType = sourcecode.swift; path = ComponentStateRule.swift; sourceTree = "<group>"; };
		1862D1CC28436D8900FADECC /* APIEndpoint.swift */ = {isa = PBXFileReference; lastKnownFileType = sourcecode.swift; path = APIEndpoint.swift; sourceTree = "<group>"; };
		1862D1D12843782D00FADECC /* ServerDataDrivenUI--iOS--Info.plist */ = {isa = PBXFileReference; lastKnownFileType = text.plist.xml; path = "ServerDataDrivenUI--iOS--Info.plist"; sourceTree = "<group>"; };
		1862D1D228437A0D00FADECC /* LaunchScreen.storyboard */ = {isa = PBXFileReference; lastKnownFileType = file.storyboard; path = LaunchScreen.storyboard; sourceTree = "<group>"; };
		1867150E2854F1C1001F5060 /* ActivityIndicator.swift */ = {isa = PBXFileReference; lastKnownFileType = sourcecode.swift; path = ActivityIndicator.swift; sourceTree = "<group>"; };
		1867151028556AD5001F5060 /* UIActionComponentModel.swift */ = {isa = PBXFileReference; lastKnownFileType = sourcecode.swift; path = UIActionComponentModel.swift; sourceTree = "<group>"; };
		186715182855AE88001F5060 /* GenericViewProtocol.swift */ = {isa = PBXFileReference; lastKnownFileType = sourcecode.swift; path = GenericViewProtocol.swift; sourceTree = "<group>"; };
		1867151A2855AED8001F5060 /* ComponentAction.swift */ = {isa = PBXFileReference; lastKnownFileType = sourcecode.swift; path = ComponentAction.swift; sourceTree = "<group>"; };
		1867151C28562904001F5060 /* UIBaseActionComponentModel.swift */ = {isa = PBXFileReference; lastKnownFileType = sourcecode.swift; path = UIBaseActionComponentModel.swift; sourceTree = "<group>"; };
		1867151E2856E859001F5060 /* NetworkDataService.swift */ = {isa = PBXFileReference; lastKnownFileType = sourcecode.swift; path = NetworkDataService.swift; sourceTree = "<group>"; };
		186715202856E8A2001F5060 /* APIConfig.swift */ = {isa = PBXFileReference; lastKnownFileType = sourcecode.swift; path = APIConfig.swift; sourceTree = "<group>"; };
		186715262856E918001F5060 /* Cancellable.swift */ = {isa = PBXFileReference; lastKnownFileType = sourcecode.swift; path = Cancellable.swift; sourceTree = "<group>"; };
		186715282856E93D001F5060 /* NetworkOperationsManager.swift */ = {isa = PBXFileReference; lastKnownFileType = sourcecode.swift; path = NetworkOperationsManager.swift; sourceTree = "<group>"; };
		18671530285DC628001F5060 /* ViewDataModel.swift */ = {isa = PBXFileReference; lastKnownFileType = sourcecode.swift; path = ViewDataModel.swift; sourceTree = "<group>"; };
		18671532285DD138001F5060 /* EnumDataModel.swift */ = {isa = PBXFileReference; lastKnownFileType = sourcecode.swift; path = EnumDataModel.swift; sourceTree = "<group>"; };
		18671538285DE244001F5060 /* ViewDataModelData.json */ = {isa = PBXFileReference; lastKnownFileType = text.json; path = ViewDataModelData.json; sourceTree = "<group>"; };
		1867153A285DE557001F5060 /* GenericViewRepo.swift */ = {isa = PBXFileReference; lastKnownFileType = sourcecode.swift; path = GenericViewRepo.swift; sourceTree = "<group>"; };
		18671540285EDFD8001F5060 /* ComponentModelFactory.swift */ = {isa = PBXFileReference; lastKnownFileType = sourcecode.swift; path = ComponentModelFactory.swift; sourceTree = "<group>"; };
		18671542285F3987001F5060 /* EnumData.json */ = {isa = PBXFileReference; fileEncoding = 4; lastKnownFileType = text.json; path = EnumData.json; sourceTree = "<group>"; };
		18B8C47728437CAE00B43C57 /* TextFieldComponentModel.swift */ = {isa = PBXFileReference; lastKnownFileType = sourcecode.swift; path = TextFieldComponentModel.swift; sourceTree = "<group>"; };
		18B8C47A28437CD400B43C57 /* TextFieldComponent.swift */ = {isa = PBXFileReference; lastKnownFileType = sourcecode.swift; path = TextFieldComponent.swift; sourceTree = "<group>"; };
		18B8C47D2843978600B43C57 /* PhoneFieldComponent.swift */ = {isa = PBXFileReference; lastKnownFileType = sourcecode.swift; path = PhoneFieldComponent.swift; sourceTree = "<group>"; };
		18B8C4802843979900B43C57 /* PhoneFieldComponentModel.swift */ = {isa = PBXFileReference; lastKnownFileType = sourcecode.swift; path = PhoneFieldComponentModel.swift; sourceTree = "<group>"; };
		18B8C483284397BA00B43C57 /* UIComponentModel.swift */ = {isa = PBXFileReference; lastKnownFileType = sourcecode.swift; path = UIComponentModel.swift; sourceTree = "<group>"; };
		18B8C486284399A600B43C57 /* GenericViewModel.swift */ = {isa = PBXFileReference; lastKnownFileType = sourcecode.swift; path = GenericViewModel.swift; sourceTree = "<group>"; };
		18B8C48B2845454100B43C57 /* Dropdown.swift */ = {isa = PBXFileReference; lastKnownFileType = sourcecode.swift; path = Dropdown.swift; sourceTree = "<group>"; };
		18CB3D32284B6F5500AE132F /* GenericButtonComponent.swift */ = {isa = PBXFileReference; lastKnownFileType = sourcecode.swift; path = GenericButtonComponent.swift; sourceTree = "<group>"; };
		18CB3D34284B6F6F00AE132F /* GenericButtonComponentModel.swift */ = {isa = PBXFileReference; lastKnownFileType = sourcecode.swift; path = GenericButtonComponentModel.swift; sourceTree = "<group>"; };
		18CB3D36284BB7A600AE132F /* TimerButtonComponent.swift */ = {isa = PBXFileReference; lastKnownFileType = sourcecode.swift; path = TimerButtonComponent.swift; sourceTree = "<group>"; };
		18CB3D38284BB7F800AE132F /* TimerButtonComponentModel.swift */ = {isa = PBXFileReference; lastKnownFileType = sourcecode.swift; path = TimerButtonComponentModel.swift; sourceTree = "<group>"; };
		18CB3D44284D020400AE132F /* UIDisplayComponentModel.swift */ = {isa = PBXFileReference; lastKnownFileType = sourcecode.swift; path = UIDisplayComponentModel.swift; sourceTree = "<group>"; };
		18CB3D46284D021400AE132F /* UIInputComponentModel.swift */ = {isa = PBXFileReference; lastKnownFileType = sourcecode.swift; path = UIInputComponentModel.swift; sourceTree = "<group>"; };
		18CB3D4B284EE49F00AE132F /* UIBaseInputComponentModel.swift */ = {isa = PBXFileReference; lastKnownFileType = sourcecode.swift; path = UIBaseInputComponentModel.swift; sourceTree = "<group>"; };
		18CB3D4E284EE97500AE132F /* UIBaseComponentModel.swift */ = {isa = PBXFileReference; lastKnownFileType = sourcecode.swift; path = UIBaseComponentModel.swift; sourceTree = "<group>"; };
		18CB3D5228501FA600AE132F /* TitleSubtitleComponent.swift */ = {isa = PBXFileReference; lastKnownFileType = sourcecode.swift; path = TitleSubtitleComponent.swift; sourceTree = "<group>"; };
		18CB3D5428501FB100AE132F /* TitleSubtitleComponentModel.swift */ = {isa = PBXFileReference; lastKnownFileType = sourcecode.swift; path = TitleSubtitleComponentModel.swift; sourceTree = "<group>"; };
/* End PBXFileReference section */

/* Begin PBXFrameworksBuildPhase section */
		1862D16D284345E700FADECC /* Frameworks */ = {
			isa = PBXFrameworksBuildPhase;
			buildActionMask = 2147483647;
			files = (
				18CB3D43284D004600AE132F /* AnyCodable in Frameworks */,
			);
			runOnlyForDeploymentPostprocessing = 0;
		};
		1862D17A284345E700FADECC /* Frameworks */ = {
			isa = PBXFrameworksBuildPhase;
			buildActionMask = 2147483647;
			files = (
			);
			runOnlyForDeploymentPostprocessing = 0;
		};
/* End PBXFrameworksBuildPhase section */

/* Begin PBXGroup section */
		1862D163284345E300FADECC = {
			isa = PBXGroup;
			children = (
				1862D1D428437B4D00FADECC /* ServerDataDrivenUI */,
				1862D180284345E700FADECC /* ServerDataDrivenUITests */,
				1862D171284345E700FADECC /* Products */,
			);
			sourceTree = "<group>";
		};
		1862D171284345E700FADECC /* Products */ = {
			isa = PBXGroup;
			children = (
				1862D170284345E700FADECC /* ServerDataDrivenUI.app */,
				1862D17D284345E700FADECC /* Tests iOS.xctest */,
			);
			name = Products;
			sourceTree = "<group>";
		};
		1862D180284345E700FADECC /* ServerDataDrivenUITests */ = {
			isa = PBXGroup;
			children = (
				1862D181284345E700FADECC /* ServerDataDrivenUITests.swift */,
				1862D183284345E700FADECC /* ServerDataDrivenUILaunchTests.swift */,
			);
			path = ServerDataDrivenUITests;
			sourceTree = "<group>";
		};
		1862D1AB284358A800FADECC /* Protocols */ = {
			isa = PBXGroup;
			children = (
				1862D1AC284358C500FADECC /* Designable.swift */,
				18CB3D49284D036F00AE132F /* Validation */,
				18CB3D48284D036500AE132F /* UI */,
				186715262856E918001F5060 /* Cancellable.swift */,
			);
			path = Protocols;
			sourceTree = "<group>";
		};
		1862D1B5284358F600FADECC /* Components */ = {
			isa = PBXGroup;
			children = (
				18CB3D4A284D183F00AE132F /* Generic */,
				18CB3D4D284EE96000AE132F /* UIComponents */,
			);
			path = Components;
			sourceTree = "<group>";
		};
		1862D1B62843590000FADECC /* DisplayComponents */ = {
			isa = PBXGroup;
			children = (
				1862D1BE284359E900FADECC /* TitleSubtitle */,
			);
			path = DisplayComponents;
			sourceTree = "<group>";
		};
		1862D1B72843590900FADECC /* InputComponents */ = {
			isa = PBXGroup;
			children = (
				1862D1C3284369E700FADECC /* PhoneNumber */,
				1862D1B82843591200FADECC /* TextField */,
				18CB3D4B284EE49F00AE132F /* UIBaseInputComponentModel.swift */,
			);
			path = InputComponents;
			sourceTree = "<group>";
		};
		1862D1B82843591200FADECC /* TextField */ = {
			isa = PBXGroup;
			children = (
				18B8C47728437CAE00B43C57 /* TextFieldComponentModel.swift */,
				18B8C47A28437CD400B43C57 /* TextFieldComponent.swift */,
			);
			path = TextField;
			sourceTree = "<group>";
		};
		1862D1B92843592500FADECC /* ActionComponents */ = {
			isa = PBXGroup;
			children = (
				1862D1C2284369B400FADECC /* TimerButton */,
				1862D1BD284359BF00FADECC /* GenericButton */,
				1867151C28562904001F5060 /* UIBaseActionComponentModel.swift */,
			);
			path = ActionComponents;
			sourceTree = "<group>";
		};
		1862D1BA2843596300FADECC /* Dropdown */ = {
			isa = PBXGroup;
			children = (
				18B8C48B2845454100B43C57 /* Dropdown.swift */,
			);
			path = Dropdown;
			sourceTree = "<group>";
		};
		1862D1BD284359BF00FADECC /* GenericButton */ = {
			isa = PBXGroup;
			children = (
				18CB3D32284B6F5500AE132F /* GenericButtonComponent.swift */,
				18CB3D34284B6F6F00AE132F /* GenericButtonComponentModel.swift */,
			);
			path = GenericButton;
			sourceTree = "<group>";
		};
		1862D1BE284359E900FADECC /* TitleSubtitle */ = {
			isa = PBXGroup;
			children = (
				18CB3D5228501FA600AE132F /* TitleSubtitleComponent.swift */,
				18CB3D5428501FB100AE132F /* TitleSubtitleComponentModel.swift */,
			);
			path = TitleSubtitle;
			sourceTree = "<group>";
		};
		1862D1C2284369B400FADECC /* TimerButton */ = {
			isa = PBXGroup;
			children = (
				18CB3D36284BB7A600AE132F /* TimerButtonComponent.swift */,
				18CB3D38284BB7F800AE132F /* TimerButtonComponentModel.swift */,
			);
			path = TimerButton;
			sourceTree = "<group>";
		};
		1862D1C3284369E700FADECC /* PhoneNumber */ = {
			isa = PBXGroup;
			children = (
				18B8C47D2843978600B43C57 /* PhoneFieldComponent.swift */,
				18B8C4802843979900B43C57 /* PhoneFieldComponentModel.swift */,
			);
			path = PhoneNumber;
			sourceTree = "<group>";
		};
		1862D1C428436A6900FADECC /* Enums */ = {
			isa = PBXGroup;
			children = (
				1862D1C528436A7A00FADECC /* Validation.swift */,
				1862D1C828436AF500FADECC /* ComponentStateRule.swift */,
				1867151A2855AED8001F5060 /* ComponentAction.swift */,
			);
			path = Enums;
			sourceTree = "<group>";
		};
		1862D1CB28436D7900FADECC /* Networking */ = {
			isa = PBXGroup;
			children = (
				1862D1CC28436D8900FADECC /* APIEndpoint.swift */,
				1867151E2856E859001F5060 /* NetworkDataService.swift */,
				186715202856E8A2001F5060 /* APIConfig.swift */,
				186715282856E93D001F5060 /* NetworkOperationsManager.swift */,
			);
			path = Networking;
			sourceTree = "<group>";
		};
		1862D1D428437B4D00FADECC /* ServerDataDrivenUI */ = {
			isa = PBXGroup;
			children = (
				1862D1D228437A0D00FADECC /* LaunchScreen.storyboard */,
				1862D1D12843782D00FADECC /* ServerDataDrivenUI--iOS--Info.plist */,
				1862D169284345E400FADECC /* ServerDataDrivenUIMain.swift */,
				1867152F285DC60C001F5060 /* DataModel */,
				1862D1CB28436D7900FADECC /* Networking */,
				1862D1C428436A6900FADECC /* Enums */,
				1862D1B5284358F600FADECC /* Components */,
				1862D1AB284358A800FADECC /* Protocols */,
				1867153D285EDF6E001F5060 /* Repo */,
				1867153C285EDF63001F5060 /* ViewModel */,
				18B8C489284399B500B43C57 /* Views */,
				1862D16B284345E600FADECC /* Assets.xcassets */,
				1862D1A52843583800FADECC /* OTPLoginViewModel.swift */,
				1862D1A82843585C00FADECC /* UserDetailsViewModel.swift */,
			);
			path = ServerDataDrivenUI;
			sourceTree = "<group>";
		};
		186715162855AE64001F5060 /* Components */ = {
			isa = PBXGroup;
			children = (
				18B8C483284397BA00B43C57 /* UIComponentModel.swift */,
				18CB3D44284D020400AE132F /* UIDisplayComponentModel.swift */,
				18CB3D46284D021400AE132F /* UIInputComponentModel.swift */,
				1867151028556AD5001F5060 /* UIActionComponentModel.swift */,
			);
			path = Components;
			sourceTree = "<group>";
		};
		186715172855AE6F001F5060 /* Views */ = {
			isa = PBXGroup;
			children = (
				186715182855AE88001F5060 /* GenericViewProtocol.swift */,
			);
			path = Views;
			sourceTree = "<group>";
		};
		1867152F285DC60C001F5060 /* DataModel */ = {
			isa = PBXGroup;
			children = (
				18671542285F3987001F5060 /* EnumData.json */,
				18671532285DD138001F5060 /* EnumDataModel.swift */,
				18671538285DE244001F5060 /* ViewDataModelData.json */,
				18671530285DC628001F5060 /* ViewDataModel.swift */,
			);
			path = DataModel;
			sourceTree = "<group>";
		};
		1867153C285EDF63001F5060 /* ViewModel */ = {
			isa = PBXGroup;
			children = (
				1867153E285EDF81001F5060 /* GenericViewModel */,
				18671540285EDFD8001F5060 /* ComponentModelFactory.swift */,
			);
			path = ViewModel;
			sourceTree = "<group>";
		};
		1867153D285EDF6E001F5060 /* Repo */ = {
			isa = PBXGroup;
			children = (
				1867153F285EDF94001F5060 /* GenericViewRepo */,
			);
			path = Repo;
			sourceTree = "<group>";
		};
		1867153E285EDF81001F5060 /* GenericViewModel */ = {
			isa = PBXGroup;
			children = (
				18B8C486284399A600B43C57 /* GenericViewModel.swift */,
			);
			path = GenericViewModel;
			sourceTree = "<group>";
		};
		1867153F285EDF94001F5060 /* GenericViewRepo */ = {
			isa = PBXGroup;
			children = (
				1867153A285DE557001F5060 /* GenericViewRepo.swift */,
			);
			path = GenericViewRepo;
			sourceTree = "<group>";
		};
		18B8C489284399B500B43C57 /* Views */ = {
			isa = PBXGroup;
			children = (
				18B8C48A284399BE00B43C57 /* GenericView */,
			);
			path = Views;
			sourceTree = "<group>";
		};
		18B8C48A284399BE00B43C57 /* GenericView */ = {
			isa = PBXGroup;
			children = (
				1862D16A284345E400FADECC /* GenericView.swift */,
			);
			path = GenericView;
			sourceTree = "<group>";
		};
		18CB3D48284D036500AE132F /* UI */ = {
			isa = PBXGroup;
			children = (
				186715172855AE6F001F5060 /* Views */,
				186715162855AE64001F5060 /* Components */,
			);
			path = UI;
			sourceTree = "<group>";
		};
		18CB3D49284D036F00AE132F /* Validation */ = {
			isa = PBXGroup;
			children = (
				1862D1AF284358D600FADECC /* Validatable.swift */,
				1862D1B2284358E900FADECC /* Validator.swift */,
			);
			path = Validation;
			sourceTree = "<group>";
		};
		18CB3D4A284D183F00AE132F /* Generic */ = {
			isa = PBXGroup;
			children = (
				1862D1BA2843596300FADECC /* Dropdown */,
				1867150E2854F1C1001F5060 /* ActivityIndicator.swift */,
			);
			path = Generic;
			sourceTree = "<group>";
		};
		18CB3D4D284EE96000AE132F /* UIComponents */ = {
			isa = PBXGroup;
			children = (
				1862D1B92843592500FADECC /* ActionComponents */,
				1862D1B72843590900FADECC /* InputComponents */,
				1862D1B62843590000FADECC /* DisplayComponents */,
				18CB3D4E284EE97500AE132F /* UIBaseComponentModel.swift */,
			);
			path = UIComponents;
			sourceTree = "<group>";
		};
/* End PBXGroup section */

/* Begin PBXNativeTarget section */
		1862D16F284345E700FADECC /* ServerDataDrivenUI (iOS) */ = {
			isa = PBXNativeTarget;
			buildConfigurationList = 1862D199284345E700FADECC /* Build configuration list for PBXNativeTarget "ServerDataDrivenUI (iOS)" */;
			buildPhases = (
				1862D16C284345E700FADECC /* Sources */,
				1862D16D284345E700FADECC /* Frameworks */,
				1862D16E284345E700FADECC /* Resources */,
			);
			buildRules = (
			);
			dependencies = (
			);
			name = "ServerDataDrivenUI (iOS)";
			packageProductDependencies = (
				18CB3D42284D004600AE132F /* AnyCodable */,
			);
			productName = "ServerDataDrivenUI (iOS)";
			productReference = 1862D170284345E700FADECC /* ServerDataDrivenUI.app */;
			productType = "com.apple.product-type.application";
		};
		1862D17C284345E700FADECC /* Tests iOS */ = {
			isa = PBXNativeTarget;
			buildConfigurationList = 1862D19F284345E700FADECC /* Build configuration list for PBXNativeTarget "Tests iOS" */;
			buildPhases = (
				1862D179284345E700FADECC /* Sources */,
				1862D17A284345E700FADECC /* Frameworks */,
				1862D17B284345E700FADECC /* Resources */,
			);
			buildRules = (
			);
			dependencies = (
				1862D17F284345E700FADECC /* PBXTargetDependency */,
			);
			name = "Tests iOS";
			productName = "Tests iOS";
			productReference = 1862D17D284345E700FADECC /* Tests iOS.xctest */;
			productType = "com.apple.product-type.bundle.ui-testing";
		};
/* End PBXNativeTarget section */

/* Begin PBXProject section */
		1862D164284345E300FADECC /* Project object */ = {
			isa = PBXProject;
			attributes = {
				BuildIndependentTargetsInParallel = 1;
				LastSwiftUpdateCheck = 1340;
				LastUpgradeCheck = 1400;
				TargetAttributes = {
					1862D16F284345E700FADECC = {
						CreatedOnToolsVersion = 13.4;
					};
					1862D17C284345E700FADECC = {
						CreatedOnToolsVersion = 13.4;
						TestTargetID = 1862D16F284345E700FADECC;
					};
				};
			};
			buildConfigurationList = 1862D167284345E300FADECC /* Build configuration list for PBXProject "ServerDataDrivenUI" */;
			compatibilityVersion = "Xcode 13.0";
			developmentRegion = en;
			hasScannedForEncodings = 0;
			knownRegions = (
				en,
				Base,
			);
			mainGroup = 1862D163284345E300FADECC;
			packageReferences = (
				18CB3D41284D004600AE132F /* XCRemoteSwiftPackageReference "AnyCodable" */,
			);
			productRefGroup = 1862D171284345E700FADECC /* Products */;
			projectDirPath = "";
			projectRoot = "";
			targets = (
				1862D16F284345E700FADECC /* ServerDataDrivenUI (iOS) */,
				1862D17C284345E700FADECC /* Tests iOS */,
			);
		};
/* End PBXProject section */

/* Begin PBXResourcesBuildPhase section */
		1862D16E284345E700FADECC /* Resources */ = {
			isa = PBXResourcesBuildPhase;
			buildActionMask = 2147483647;
			files = (
				18671543285F3987001F5060 /* EnumData.json in Resources */,
				1862D195284345E700FADECC /* Assets.xcassets in Resources */,
				18671539285DE244001F5060 /* ViewDataModelData.json in Resources */,
				1862D1D328437A0D00FADECC /* LaunchScreen.storyboard in Resources */,
			);
			runOnlyForDeploymentPostprocessing = 0;
		};
		1862D17B284345E700FADECC /* Resources */ = {
			isa = PBXResourcesBuildPhase;
			buildActionMask = 2147483647;
			files = (
			);
			runOnlyForDeploymentPostprocessing = 0;
		};
/* End PBXResourcesBuildPhase section */

/* Begin PBXSourcesBuildPhase section */
		1862D16C284345E700FADECC /* Sources */ = {
			isa = PBXSourcesBuildPhase;
			buildActionMask = 2147483647;
			files = (
				1862D193284345E700FADECC /* GenericView.swift in Sources */,
				18B8C484284397BA00B43C57 /* UIComponentModel.swift in Sources */,
				18CB3D47284D021400AE132F /* UIInputComponentModel.swift in Sources */,
				18B8C4812843979900B43C57 /* PhoneFieldComponentModel.swift in Sources */,
				1867150F2854F1C1001F5060 /* ActivityIndicator.swift in Sources */,
				1867151F2856E859001F5060 /* NetworkDataService.swift in Sources */,
				18CB3D33284B6F5500AE132F /* GenericButtonComponent.swift in Sources */,
				1867151B2855AED8001F5060 /* ComponentAction.swift in Sources */,
				18671533285DD138001F5060 /* EnumDataModel.swift in Sources */,
				186715272856E918001F5060 /* Cancellable.swift in Sources */,
				1862D1CD28436D8900FADECC /* APIEndpoint.swift in Sources */,
				1862D1B0284358D600FADECC /* Validatable.swift in Sources */,
				18B8C47B28437CD400B43C57 /* TextFieldComponent.swift in Sources */,
				18671541285EDFD8001F5060 /* ComponentModelFactory.swift in Sources */,
				18B8C47E2843978600B43C57 /* PhoneFieldComponent.swift in Sources */,
				1862D1A92843585C00FADECC /* UserDetailsViewModel.swift in Sources */,
				18CB3D45284D020400AE132F /* UIDisplayComponentModel.swift in Sources */,
				1867153B285DE557001F5060 /* GenericViewRepo.swift in Sources */,
				1862D1AD284358C500FADECC /* Designable.swift in Sources */,
				18CB3D4F284EE97500AE132F /* UIBaseComponentModel.swift in Sources */,
				18CB3D5328501FA600AE132F /* TitleSubtitleComponent.swift in Sources */,
				1862D1C628436A7A00FADECC /* Validation.swift in Sources */,
				18B8C487284399A600B43C57 /* GenericViewModel.swift in Sources */,
				18CB3D5528501FB100AE132F /* TitleSubtitleComponentModel.swift in Sources */,
				18671531285DC628001F5060 /* ViewDataModel.swift in Sources */,
				18B8C47828437CAE00B43C57 /* TextFieldComponentModel.swift in Sources */,
				1862D1B3284358E900FADECC /* Validator.swift in Sources */,
				18B8C48C2845454100B43C57 /* Dropdown.swift in Sources */,
				1862D191284345E700FADECC /* ServerDataDrivenUIMain.swift in Sources */,
				1862D1C928436AF500FADECC /* ComponentStateRule.swift in Sources */,
				1862D1A62843583800FADECC /* OTPLoginViewModel.swift in Sources */,
				1867151128556AD5001F5060 /* UIActionComponentModel.swift in Sources */,
				18CB3D3A284BB9D400AE132F /* TimerButtonComponent.swift in Sources */,
				1867151D28562904001F5060 /* UIBaseActionComponentModel.swift in Sources */,
				186715292856E93D001F5060 /* NetworkOperationsManager.swift in Sources */,
				18CB3D4C284EE49F00AE132F /* UIBaseInputComponentModel.swift in Sources */,
				18CB3D39284BB9D200AE132F /* TimerButtonComponentModel.swift in Sources */,
				186715192855AE88001F5060 /* GenericViewProtocol.swift in Sources */,
				18CB3D35284B6F6F00AE132F /* GenericButtonComponentModel.swift in Sources */,
				186715212856E8A2001F5060 /* APIConfig.swift in Sources */,
			);
			runOnlyForDeploymentPostprocessing = 0;
		};
		1862D179284345E700FADECC /* Sources */ = {
			isa = PBXSourcesBuildPhase;
			buildActionMask = 2147483647;
			files = (
				1862D184284345E700FADECC /* ServerDataDrivenUILaunchTests.swift in Sources */,
				1862D182284345E700FADECC /* ServerDataDrivenUITests.swift in Sources */,
			);
			runOnlyForDeploymentPostprocessing = 0;
		};
/* End PBXSourcesBuildPhase section */

/* Begin PBXTargetDependency section */
		1862D17F284345E700FADECC /* PBXTargetDependency */ = {
			isa = PBXTargetDependency;
			target = 1862D16F284345E700FADECC /* ServerDataDrivenUI (iOS) */;
			targetProxy = 1862D17E284345E700FADECC /* PBXContainerItemProxy */;
		};
/* End PBXTargetDependency section */

/* Begin XCBuildConfiguration section */
		1862D197284345E700FADECC /* Debug */ = {
			isa = XCBuildConfiguration;
			buildSettings = {
				ALWAYS_SEARCH_USER_PATHS = NO;
				CLANG_ANALYZER_NONNULL = YES;
				CLANG_ANALYZER_NUMBER_OBJECT_CONVERSION = YES_AGGRESSIVE;
				CLANG_CXX_LANGUAGE_STANDARD = "gnu++17";
				CLANG_ENABLE_MODULES = YES;
				CLANG_ENABLE_OBJC_ARC = YES;
				CLANG_ENABLE_OBJC_WEAK = YES;
				CLANG_WARN_BLOCK_CAPTURE_AUTORELEASING = YES;
				CLANG_WARN_BOOL_CONVERSION = YES;
				CLANG_WARN_COMMA = YES;
				CLANG_WARN_CONSTANT_CONVERSION = YES;
				CLANG_WARN_DEPRECATED_OBJC_IMPLEMENTATIONS = YES;
				CLANG_WARN_DIRECT_OBJC_ISA_USAGE = YES_ERROR;
				CLANG_WARN_DOCUMENTATION_COMMENTS = YES;
				CLANG_WARN_EMPTY_BODY = YES;
				CLANG_WARN_ENUM_CONVERSION = YES;
				CLANG_WARN_INFINITE_RECURSION = YES;
				CLANG_WARN_INT_CONVERSION = YES;
				CLANG_WARN_NON_LITERAL_NULL_CONVERSION = YES;
				CLANG_WARN_OBJC_IMPLICIT_RETAIN_SELF = YES;
				CLANG_WARN_OBJC_LITERAL_CONVERSION = YES;
				CLANG_WARN_OBJC_ROOT_CLASS = YES_ERROR;
				CLANG_WARN_QUOTED_INCLUDE_IN_FRAMEWORK_HEADER = YES;
				CLANG_WARN_RANGE_LOOP_ANALYSIS = YES;
				CLANG_WARN_STRICT_PROTOTYPES = YES;
				CLANG_WARN_SUSPICIOUS_MOVE = YES;
				CLANG_WARN_UNGUARDED_AVAILABILITY = YES_AGGRESSIVE;
				CLANG_WARN_UNREACHABLE_CODE = YES;
				CLANG_WARN__DUPLICATE_METHOD_MATCH = YES;
				COPY_PHASE_STRIP = NO;
				DEAD_CODE_STRIPPING = YES;
				DEBUG_INFORMATION_FORMAT = dwarf;
				ENABLE_STRICT_OBJC_MSGSEND = YES;
				ENABLE_TESTABILITY = YES;
				GCC_C_LANGUAGE_STANDARD = gnu11;
				GCC_DYNAMIC_NO_PIC = NO;
				GCC_NO_COMMON_BLOCKS = YES;
				GCC_OPTIMIZATION_LEVEL = 0;
				GCC_PREPROCESSOR_DEFINITIONS = (
					"DEBUG=1",
					"$(inherited)",
				);
				GCC_WARN_64_TO_32_BIT_CONVERSION = YES;
				GCC_WARN_ABOUT_RETURN_TYPE = YES_ERROR;
				GCC_WARN_UNDECLARED_SELECTOR = YES;
				GCC_WARN_UNINITIALIZED_AUTOS = YES_AGGRESSIVE;
				GCC_WARN_UNUSED_FUNCTION = YES;
				GCC_WARN_UNUSED_VARIABLE = YES;
				IPHONEOS_DEPLOYMENT_TARGET = 13.2;
				MTL_ENABLE_DEBUG_INFO = INCLUDE_SOURCE;
				MTL_FAST_MATH = YES;
				ONLY_ACTIVE_ARCH = YES;
				SWIFT_ACTIVE_COMPILATION_CONDITIONS = DEBUG;
				SWIFT_OPTIMIZATION_LEVEL = "-Onone";
			};
			name = Debug;
		};
		1862D198284345E700FADECC /* Release */ = {
			isa = XCBuildConfiguration;
			buildSettings = {
				ALWAYS_SEARCH_USER_PATHS = NO;
				CLANG_ANALYZER_NONNULL = YES;
				CLANG_ANALYZER_NUMBER_OBJECT_CONVERSION = YES_AGGRESSIVE;
				CLANG_CXX_LANGUAGE_STANDARD = "gnu++17";
				CLANG_ENABLE_MODULES = YES;
				CLANG_ENABLE_OBJC_ARC = YES;
				CLANG_ENABLE_OBJC_WEAK = YES;
				CLANG_WARN_BLOCK_CAPTURE_AUTORELEASING = YES;
				CLANG_WARN_BOOL_CONVERSION = YES;
				CLANG_WARN_COMMA = YES;
				CLANG_WARN_CONSTANT_CONVERSION = YES;
				CLANG_WARN_DEPRECATED_OBJC_IMPLEMENTATIONS = YES;
				CLANG_WARN_DIRECT_OBJC_ISA_USAGE = YES_ERROR;
				CLANG_WARN_DOCUMENTATION_COMMENTS = YES;
				CLANG_WARN_EMPTY_BODY = YES;
				CLANG_WARN_ENUM_CONVERSION = YES;
				CLANG_WARN_INFINITE_RECURSION = YES;
				CLANG_WARN_INT_CONVERSION = YES;
				CLANG_WARN_NON_LITERAL_NULL_CONVERSION = YES;
				CLANG_WARN_OBJC_IMPLICIT_RETAIN_SELF = YES;
				CLANG_WARN_OBJC_LITERAL_CONVERSION = YES;
				CLANG_WARN_OBJC_ROOT_CLASS = YES_ERROR;
				CLANG_WARN_QUOTED_INCLUDE_IN_FRAMEWORK_HEADER = YES;
				CLANG_WARN_RANGE_LOOP_ANALYSIS = YES;
				CLANG_WARN_STRICT_PROTOTYPES = YES;
				CLANG_WARN_SUSPICIOUS_MOVE = YES;
				CLANG_WARN_UNGUARDED_AVAILABILITY = YES_AGGRESSIVE;
				CLANG_WARN_UNREACHABLE_CODE = YES;
				CLANG_WARN__DUPLICATE_METHOD_MATCH = YES;
				COPY_PHASE_STRIP = NO;
				DEAD_CODE_STRIPPING = YES;
				DEBUG_INFORMATION_FORMAT = "dwarf-with-dsym";
				ENABLE_NS_ASSERTIONS = NO;
				ENABLE_STRICT_OBJC_MSGSEND = YES;
				GCC_C_LANGUAGE_STANDARD = gnu11;
				GCC_NO_COMMON_BLOCKS = YES;
				GCC_WARN_64_TO_32_BIT_CONVERSION = YES;
				GCC_WARN_ABOUT_RETURN_TYPE = YES_ERROR;
				GCC_WARN_UNDECLARED_SELECTOR = YES;
				GCC_WARN_UNINITIALIZED_AUTOS = YES_AGGRESSIVE;
				GCC_WARN_UNUSED_FUNCTION = YES;
				GCC_WARN_UNUSED_VARIABLE = YES;
				IPHONEOS_DEPLOYMENT_TARGET = 13.2;
				MTL_ENABLE_DEBUG_INFO = NO;
				MTL_FAST_MATH = YES;
				SWIFT_COMPILATION_MODE = wholemodule;
				SWIFT_OPTIMIZATION_LEVEL = "-O";
			};
			name = Release;
		};
		1862D19A284345E700FADECC /* Debug */ = {
			isa = XCBuildConfiguration;
			buildSettings = {
				ASSETCATALOG_COMPILER_APPICON_NAME = AppIcon;
				ASSETCATALOG_COMPILER_GLOBAL_ACCENT_COLOR_NAME = AccentColor;
				CODE_SIGN_STYLE = Automatic;
				CURRENT_PROJECT_VERSION = 1;
				DEVELOPMENT_TEAM = WLNG5C7UJQ;
				ENABLE_PREVIEWS = YES;
				GENERATE_INFOPLIST_FILE = YES;
				INFOPLIST_FILE = "ServerDataDrivenUI/ServerDataDrivenUI--iOS--Info.plist";
				INFOPLIST_KEY_UIApplicationSupportsIndirectInputEvents = YES;
				INFOPLIST_KEY_UILaunchScreen_Generation = YES;
				INFOPLIST_KEY_UILaunchStoryboardName = LaunchScreen;
				INFOPLIST_KEY_UISupportedInterfaceOrientations_iPad = "UIInterfaceOrientationPortrait UIInterfaceOrientationPortraitUpsideDown UIInterfaceOrientationLandscapeLeft UIInterfaceOrientationLandscapeRight";
				INFOPLIST_KEY_UISupportedInterfaceOrientations_iPhone = "UIInterfaceOrientationPortrait UIInterfaceOrientationLandscapeLeft UIInterfaceOrientationLandscapeRight";
				LD_RUNPATH_SEARCH_PATHS = (
					"$(inherited)",
					"@executable_path/Frameworks",
				);
				MARKETING_VERSION = 1.0;
				PRODUCT_BUNDLE_IDENTIFIER = com.vid.ServerDataDrivenUI;
				PRODUCT_NAME = ServerDataDrivenUI;
				SDKROOT = iphoneos;
				SWIFT_EMIT_LOC_STRINGS = YES;
				SWIFT_VERSION = 5.0;
				TARGETED_DEVICE_FAMILY = "1,2";
			};
			name = Debug;
		};
		1862D19B284345E700FADECC /* Release */ = {
			isa = XCBuildConfiguration;
			buildSettings = {
				ASSETCATALOG_COMPILER_APPICON_NAME = AppIcon;
				ASSETCATALOG_COMPILER_GLOBAL_ACCENT_COLOR_NAME = AccentColor;
				CODE_SIGN_STYLE = Automatic;
				CURRENT_PROJECT_VERSION = 1;
				DEVELOPMENT_TEAM = WLNG5C7UJQ;
				ENABLE_PREVIEWS = YES;
				GENERATE_INFOPLIST_FILE = YES;
				INFOPLIST_FILE = "ServerDataDrivenUI/ServerDataDrivenUI--iOS--Info.plist";
				INFOPLIST_KEY_UIApplicationSupportsIndirectInputEvents = YES;
				INFOPLIST_KEY_UILaunchScreen_Generation = YES;
				INFOPLIST_KEY_UILaunchStoryboardName = LaunchScreen;
				INFOPLIST_KEY_UISupportedInterfaceOrientations_iPad = "UIInterfaceOrientationPortrait UIInterfaceOrientationPortraitUpsideDown UIInterfaceOrientationLandscapeLeft UIInterfaceOrientationLandscapeRight";
				INFOPLIST_KEY_UISupportedInterfaceOrientations_iPhone = "UIInterfaceOrientationPortrait UIInterfaceOrientationLandscapeLeft UIInterfaceOrientationLandscapeRight";
				LD_RUNPATH_SEARCH_PATHS = (
					"$(inherited)",
					"@executable_path/Frameworks",
				);
				MARKETING_VERSION = 1.0;
				PRODUCT_BUNDLE_IDENTIFIER = com.vid.ServerDataDrivenUI;
				PRODUCT_NAME = ServerDataDrivenUI;
				SDKROOT = iphoneos;
				SWIFT_EMIT_LOC_STRINGS = YES;
				SWIFT_VERSION = 5.0;
				TARGETED_DEVICE_FAMILY = "1,2";
				VALIDATE_PRODUCT = YES;
			};
			name = Release;
		};
		1862D1A0284345E700FADECC /* Debug */ = {
			isa = XCBuildConfiguration;
			buildSettings = {
				ALWAYS_EMBED_SWIFT_STANDARD_LIBRARIES = YES;
				CODE_SIGN_STYLE = Automatic;
				CURRENT_PROJECT_VERSION = 1;
				DEVELOPMENT_TEAM = WLNG5C7UJQ;
				GENERATE_INFOPLIST_FILE = YES;
				IPHONEOS_DEPLOYMENT_TARGET = 15.5;
				MARKETING_VERSION = 1.0;
				PRODUCT_BUNDLE_IDENTIFIER = "com.vid.Tests-iOS";
				PRODUCT_NAME = "$(TARGET_NAME)";
				SDKROOT = iphoneos;
				SWIFT_EMIT_LOC_STRINGS = NO;
				SWIFT_VERSION = 5.0;
				TARGETED_DEVICE_FAMILY = "1,2";
				TEST_TARGET_NAME = "ServerDataDrivenUI (iOS)";
			};
			name = Debug;
		};
		1862D1A1284345E700FADECC /* Release */ = {
			isa = XCBuildConfiguration;
			buildSettings = {
				ALWAYS_EMBED_SWIFT_STANDARD_LIBRARIES = YES;
				CODE_SIGN_STYLE = Automatic;
				CURRENT_PROJECT_VERSION = 1;
				DEVELOPMENT_TEAM = WLNG5C7UJQ;
				GENERATE_INFOPLIST_FILE = YES;
				IPHONEOS_DEPLOYMENT_TARGET = 15.5;
				MARKETING_VERSION = 1.0;
				PRODUCT_BUNDLE_IDENTIFIER = "com.vid.Tests-iOS";
				PRODUCT_NAME = "$(TARGET_NAME)";
				SDKROOT = iphoneos;
				SWIFT_EMIT_LOC_STRINGS = NO;
				SWIFT_VERSION = 5.0;
				TARGETED_DEVICE_FAMILY = "1,2";
				TEST_TARGET_NAME = "ServerDataDrivenUI (iOS)";
				VALIDATE_PRODUCT = YES;
			};
			name = Release;
		};
/* End XCBuildConfiguration section */

/* Begin XCConfigurationList section */
		1862D167284345E300FADECC /* Build configuration list for PBXProject "ServerDataDrivenUI" */ = {
			isa = XCConfigurationList;
			buildConfigurations = (
				1862D197284345E700FADECC /* Debug */,
				1862D198284345E700FADECC /* Release */,
			);
			defaultConfigurationIsVisible = 0;
			defaultConfigurationName = Release;
		};
		1862D199284345E700FADECC /* Build configuration list for PBXNativeTarget "ServerDataDrivenUI (iOS)" */ = {
			isa = XCConfigurationList;
			buildConfigurations = (
				1862D19A284345E700FADECC /* Debug */,
				1862D19B284345E700FADECC /* Release */,
			);
			defaultConfigurationIsVisible = 0;
			defaultConfigurationName = Release;
		};
		1862D19F284345E700FADECC /* Build configuration list for PBXNativeTarget "Tests iOS" */ = {
			isa = XCConfigurationList;
			buildConfigurations = (
				1862D1A0284345E700FADECC /* Debug */,
				1862D1A1284345E700FADECC /* Release */,
			);
			defaultConfigurationIsVisible = 0;
			defaultConfigurationName = Release;
		};
/* End XCConfigurationList section */

/* Begin XCRemoteSwiftPackageReference section */
		18CB3D41284D004600AE132F /* XCRemoteSwiftPackageReference "AnyCodable" */ = {
			isa = XCRemoteSwiftPackageReference;
			repositoryURL = "https://github.com/Flight-School/AnyCodable";
			requirement = {
				kind = upToNextMajorVersion;
				minimumVersion = 0.6.5;
			};
		};
/* End XCRemoteSwiftPackageReference section */

/* Begin XCSwiftPackageProductDependency section */
		18CB3D42284D004600AE132F /* AnyCodable */ = {
			isa = XCSwiftPackageProductDependency;
			package = 18CB3D41284D004600AE132F /* XCRemoteSwiftPackageReference "AnyCodable" */;
			productName = AnyCodable;
		};
/* End XCSwiftPackageProductDependency section */
	};
	rootObject = 1862D164284345E300FADECC /* Project object */;
}
