// !$*UTF8*$!
{
	archiveVersion = 1;
	classes = {
	};
	objectVersion = 55;
	objects = {

/* Begin PBXBuildFile section */
		1862D182284345E700FADECC /* Tests_iOS.swift in Sources */ = {isa = PBXBuildFile; fileRef = 1862D181284345E700FADECC /* Tests_iOS.swift */; };
		1862D184284345E700FADECC /* Tests_iOSLaunchTests.swift in Sources */ = {isa = PBXBuildFile; fileRef = 1862D183284345E700FADECC /* Tests_iOSLaunchTests.swift */; };
		1862D18E284345E700FADECC /* Tests_macOS.swift in Sources */ = {isa = PBXBuildFile; fileRef = 1862D18D284345E700FADECC /* Tests_macOS.swift */; };
		1862D190284345E700FADECC /* Tests_macOSLaunchTests.swift in Sources */ = {isa = PBXBuildFile; fileRef = 1862D18F284345E700FADECC /* Tests_macOSLaunchTests.swift */; };
		1862D191284345E700FADECC /* Server_Data_Driven_UIApp.swift in Sources */ = {isa = PBXBuildFile; fileRef = 1862D169284345E400FADECC /* Server_Data_Driven_UIApp.swift */; };
		1862D192284345E700FADECC /* Server_Data_Driven_UIApp.swift in Sources */ = {isa = PBXBuildFile; fileRef = 1862D169284345E400FADECC /* Server_Data_Driven_UIApp.swift */; };
		1862D193284345E700FADECC /* ContentView.swift in Sources */ = {isa = PBXBuildFile; fileRef = 1862D16A284345E400FADECC /* ContentView.swift */; };
		1862D194284345E700FADECC /* ContentView.swift in Sources */ = {isa = PBXBuildFile; fileRef = 1862D16A284345E400FADECC /* ContentView.swift */; };
		1862D195284345E700FADECC /* Assets.xcassets in Resources */ = {isa = PBXBuildFile; fileRef = 1862D16B284345E600FADECC /* Assets.xcassets */; };
		1862D196284345E700FADECC /* Assets.xcassets in Resources */ = {isa = PBXBuildFile; fileRef = 1862D16B284345E600FADECC /* Assets.xcassets */; };
/* End PBXBuildFile section */

/* Begin PBXContainerItemProxy section */
		1862D17E284345E700FADECC /* PBXContainerItemProxy */ = {
			isa = PBXContainerItemProxy;
			containerPortal = 1862D164284345E300FADECC /* Project object */;
			proxyType = 1;
			remoteGlobalIDString = 1862D16F284345E700FADECC;
			remoteInfo = "Server-Data-Driven-UI (iOS)";
		};
		1862D18A284345E700FADECC /* PBXContainerItemProxy */ = {
			isa = PBXContainerItemProxy;
			containerPortal = 1862D164284345E300FADECC /* Project object */;
			proxyType = 1;
			remoteGlobalIDString = 1862D175284345E700FADECC;
			remoteInfo = "Server-Data-Driven-UI (macOS)";
		};
/* End PBXContainerItemProxy section */

/* Begin PBXFileReference section */
		1862D169284345E400FADECC /* Server_Data_Driven_UIApp.swift */ = {isa = PBXFileReference; lastKnownFileType = sourcecode.swift; path = Server_Data_Driven_UIApp.swift; sourceTree = "<group>"; };
		1862D16A284345E400FADECC /* ContentView.swift */ = {isa = PBXFileReference; lastKnownFileType = sourcecode.swift; path = ContentView.swift; sourceTree = "<group>"; };
		1862D16B284345E600FADECC /* Assets.xcassets */ = {isa = PBXFileReference; lastKnownFileType = folder.assetcatalog; path = Assets.xcassets; sourceTree = "<group>"; };
		1862D170284345E700FADECC /* Server-Data-Driven-UI.app */ = {isa = PBXFileReference; explicitFileType = wrapper.application; includeInIndex = 0; path = "Server-Data-Driven-UI.app"; sourceTree = BUILT_PRODUCTS_DIR; };
		1862D176284345E700FADECC /* Server-Data-Driven-UI.app */ = {isa = PBXFileReference; explicitFileType = wrapper.application; includeInIndex = 0; path = "Server-Data-Driven-UI.app"; sourceTree = BUILT_PRODUCTS_DIR; };
		1862D178284345E700FADECC /* macOS.entitlements */ = {isa = PBXFileReference; lastKnownFileType = text.plist.entitlements; path = macOS.entitlements; sourceTree = "<group>"; };
		1862D17D284345E700FADECC /* Tests iOS.xctest */ = {isa = PBXFileReference; explicitFileType = wrapper.cfbundle; includeInIndex = 0; path = "Tests iOS.xctest"; sourceTree = BUILT_PRODUCTS_DIR; };
		1862D181284345E700FADECC /* Tests_iOS.swift */ = {isa = PBXFileReference; lastKnownFileType = sourcecode.swift; path = Tests_iOS.swift; sourceTree = "<group>"; };
		1862D183284345E700FADECC /* Tests_iOSLaunchTests.swift */ = {isa = PBXFileReference; lastKnownFileType = sourcecode.swift; path = Tests_iOSLaunchTests.swift; sourceTree = "<group>"; };
		1862D189284345E700FADECC /* Tests macOS.xctest */ = {isa = PBXFileReference; explicitFileType = wrapper.cfbundle; includeInIndex = 0; path = "Tests macOS.xctest"; sourceTree = BUILT_PRODUCTS_DIR; };
		1862D18D284345E700FADECC /* Tests_macOS.swift */ = {isa = PBXFileReference; lastKnownFileType = sourcecode.swift; path = Tests_macOS.swift; sourceTree = "<group>"; };
		1862D18F284345E700FADECC /* Tests_macOSLaunchTests.swift */ = {isa = PBXFileReference; lastKnownFileType = sourcecode.swift; path = Tests_macOSLaunchTests.swift; sourceTree = "<group>"; };
/* End PBXFileReference section */

/* Begin PBXFrameworksBuildPhase section */
		1862D16D284345E700FADECC /* Frameworks */ = {
			isa = PBXFrameworksBuildPhase;
			buildActionMask = 2147483647;
			files = (
			);
			runOnlyForDeploymentPostprocessing = 0;
		};
		1862D173284345E700FADECC /* Frameworks */ = {
			isa = PBXFrameworksBuildPhase;
			buildActionMask = 2147483647;
			files = (
			);
			runOnlyForDeploymentPostprocessing = 0;
		};
		1862D17A284345E700FADECC /* Frameworks */ = {
			isa = PBXFrameworksBuildPhase;
			buildActionMask = 2147483647;
			files = (
			);
			runOnlyForDeploymentPostprocessing = 0;
		};
		1862D186284345E700FADECC /* Frameworks */ = {
			isa = PBXFrameworksBuildPhase;
			buildActionMask = 2147483647;
			files = (
			);
			runOnlyForDeploymentPostprocessing = 0;
		};
/* End PBXFrameworksBuildPhase section */

/* Begin PBXGroup section */
		1862D163284345E300FADECC = {
			isa = PBXGroup;
			children = (
				1862D168284345E400FADECC /* Shared */,
				1862D177284345E700FADECC /* macOS */,
				1862D180284345E700FADECC /* Tests iOS */,
				1862D18C284345E700FADECC /* Tests macOS */,
				1862D171284345E700FADECC /* Products */,
			);
			sourceTree = "<group>";
		};
		1862D168284345E400FADECC /* Shared */ = {
			isa = PBXGroup;
			children = (
				1862D169284345E400FADECC /* Server_Data_Driven_UIApp.swift */,
				1862D16A284345E400FADECC /* ContentView.swift */,
				1862D16B284345E600FADECC /* Assets.xcassets */,
			);
			path = Shared;
			sourceTree = "<group>";
		};
		1862D171284345E700FADECC /* Products */ = {
			isa = PBXGroup;
			children = (
				1862D170284345E700FADECC /* Server-Data-Driven-UI.app */,
				1862D176284345E700FADECC /* Server-Data-Driven-UI.app */,
				1862D17D284345E700FADECC /* Tests iOS.xctest */,
				1862D189284345E700FADECC /* Tests macOS.xctest */,
			);
			name = Products;
			sourceTree = "<group>";
		};
		1862D177284345E700FADECC /* macOS */ = {
			isa = PBXGroup;
			children = (
				1862D178284345E700FADECC /* macOS.entitlements */,
			);
			path = macOS;
			sourceTree = "<group>";
		};
		1862D180284345E700FADECC /* Tests iOS */ = {
			isa = PBXGroup;
			children = (
				1862D181284345E700FADECC /* Tests_iOS.swift */,
				1862D183284345E700FADECC /* Tests_iOSLaunchTests.swift */,
			);
			path = "Tests iOS";
			sourceTree = "<group>";
		};
		1862D18C284345E700FADECC /* Tests macOS */ = {
			isa = PBXGroup;
			children = (
				1862D18D284345E700FADECC /* Tests_macOS.swift */,
				1862D18F284345E700FADECC /* Tests_macOSLaunchTests.swift */,
			);
			path = "Tests macOS";
			sourceTree = "<group>";
		};
/* End PBXGroup section */

/* Begin PBXNativeTarget section */
		1862D16F284345E700FADECC /* Server-Data-Driven-UI (iOS) */ = {
			isa = PBXNativeTarget;
			buildConfigurationList = 1862D199284345E700FADECC /* Build configuration list for PBXNativeTarget "Server-Data-Driven-UI (iOS)" */;
			buildPhases = (
				1862D16C284345E700FADECC /* Sources */,
				1862D16D284345E700FADECC /* Frameworks */,
				1862D16E284345E700FADECC /* Resources */,
			);
			buildRules = (
			);
			dependencies = (
			);
			name = "Server-Data-Driven-UI (iOS)";
			productName = "Server-Data-Driven-UI (iOS)";
			productReference = 1862D170284345E700FADECC /* Server-Data-Driven-UI.app */;
			productType = "com.apple.product-type.application";
		};
		1862D175284345E700FADECC /* Server-Data-Driven-UI (macOS) */ = {
			isa = PBXNativeTarget;
			buildConfigurationList = 1862D19C284345E700FADECC /* Build configuration list for PBXNativeTarget "Server-Data-Driven-UI (macOS)" */;
			buildPhases = (
				1862D172284345E700FADECC /* Sources */,
				1862D173284345E700FADECC /* Frameworks */,
				1862D174284345E700FADECC /* Resources */,
			);
			buildRules = (
			);
			dependencies = (
			);
			name = "Server-Data-Driven-UI (macOS)";
			productName = "Server-Data-Driven-UI (macOS)";
			productReference = 1862D176284345E700FADECC /* Server-Data-Driven-UI.app */;
			productType = "com.apple.product-type.application";
		};
		1862D17C284345E700FADECC /* Tests iOS */ = {
			isa = PBXNativeTarget;
			buildConfigurationList = 1862D19F284345E700FADECC /* Build configuration list for PBXNativeTarget "Tests iOS" */;
			buildPhases = (
				1862D179284345E700FADECC /* Sources */,
				1862D17A284345E700FADECC /* Frameworks */,
				1862D17B284345E700FADECC /* Resources */,
			);
			buildRules = (
			);
			dependencies = (
				1862D17F284345E700FADECC /* PBXTargetDependency */,
			);
			name = "Tests iOS";
			productName = "Tests iOS";
			productReference = 1862D17D284345E700FADECC /* Tests iOS.xctest */;
			productType = "com.apple.product-type.bundle.ui-testing";
		};
		1862D188284345E700FADECC /* Tests macOS */ = {
			isa = PBXNativeTarget;
			buildConfigurationList = 1862D1A2284345E700FADECC /* Build configuration list for PBXNativeTarget "Tests macOS" */;
			buildPhases = (
				1862D185284345E700FADECC /* Sources */,
				1862D186284345E700FADECC /* Frameworks */,
				1862D187284345E700FADECC /* Resources */,
			);
			buildRules = (
			);
			dependencies = (
				1862D18B284345E700FADECC /* PBXTargetDependency */,
			);
			name = "Tests macOS";
			productName = "Tests macOS";
			productReference = 1862D189284345E700FADECC /* Tests macOS.xctest */;
			productType = "com.apple.product-type.bundle.ui-testing";
		};
/* End PBXNativeTarget section */

/* Begin PBXProject section */
		1862D164284345E300FADECC /* Project object */ = {
			isa = PBXProject;
			attributes = {
				BuildIndependentTargetsInParallel = 1;
				LastSwiftUpdateCheck = 1340;
				LastUpgradeCheck = 1340;
				TargetAttributes = {
					1862D16F284345E700FADECC = {
						CreatedOnToolsVersion = 13.4;
					};
					1862D175284345E700FADECC = {
						CreatedOnToolsVersion = 13.4;
					};
					1862D17C284345E700FADECC = {
						CreatedOnToolsVersion = 13.4;
						TestTargetID = 1862D16F284345E700FADECC;
					};
					1862D188284345E700FADECC = {
						CreatedOnToolsVersion = 13.4;
						TestTargetID = 1862D175284345E700FADECC;
					};
				};
			};
			buildConfigurationList = 1862D167284345E300FADECC /* Build configuration list for PBXProject "Server-Data-Driven-UI" */;
			compatibilityVersion = "Xcode 13.0";
			developmentRegion = en;
			hasScannedForEncodings = 0;
			knownRegions = (
				en,
				Base,
			);
			mainGroup = 1862D163284345E300FADECC;
			productRefGroup = 1862D171284345E700FADECC /* Products */;
			projectDirPath = "";
			projectRoot = "";
			targets = (
				1862D16F284345E700FADECC /* Server-Data-Driven-UI (iOS) */,
				1862D175284345E700FADECC /* Server-Data-Driven-UI (macOS) */,
				1862D17C284345E700FADECC /* Tests iOS */,
				1862D188284345E700FADECC /* Tests macOS */,
			);
		};
/* End PBXProject section */

/* Begin PBXResourcesBuildPhase section */
		1862D16E284345E700FADECC /* Resources */ = {
			isa = PBXResourcesBuildPhase;
			buildActionMask = 2147483647;
			files = (
				1862D195284345E700FADECC /* Assets.xcassets in Resources */,
			);
			runOnlyForDeploymentPostprocessing = 0;
		};
		1862D174284345E700FADECC /* Resources */ = {
			isa = PBXResourcesBuildPhase;
			buildActionMask = 2147483647;
			files = (
				1862D196284345E700FADECC /* Assets.xcassets in Resources */,
			);
			runOnlyForDeploymentPostprocessing = 0;
		};
		1862D17B284345E700FADECC /* Resources */ = {
			isa = PBXResourcesBuildPhase;
			buildActionMask = 2147483647;
			files = (
			);
			runOnlyForDeploymentPostprocessing = 0;
		};
		1862D187284345E700FADECC /* Resources */ = {
			isa = PBXResourcesBuildPhase;
			buildActionMask = 2147483647;
			files = (
			);
			runOnlyForDeploymentPostprocessing = 0;
		};
/* End PBXResourcesBuildPhase section */

/* Begin PBXSourcesBuildPhase section */
		1862D16C284345E700FADECC /* Sources */ = {
			isa = PBXSourcesBuildPhase;
			buildActionMask = 2147483647;
			files = (
				1862D193284345E700FADECC /* ContentView.swift in Sources */,
				1862D191284345E700FADECC /* Server_Data_Driven_UIApp.swift in Sources */,
			);
			runOnlyForDeploymentPostprocessing = 0;
		};
		1862D172284345E700FADECC /* Sources */ = {
			isa = PBXSourcesBuildPhase;
			buildActionMask = 2147483647;
			files = (
				1862D194284345E700FADECC /* ContentView.swift in Sources */,
				1862D192284345E700FADECC /* Server_Data_Driven_UIApp.swift in Sources */,
			);
			runOnlyForDeploymentPostprocessing = 0;
		};
		1862D179284345E700FADECC /* Sources */ = {
			isa = PBXSourcesBuildPhase;
			buildActionMask = 2147483647;
			files = (
				1862D184284345E700FADECC /* Tests_iOSLaunchTests.swift in Sources */,
				1862D182284345E700FADECC /* Tests_iOS.swift in Sources */,
			);
			runOnlyForDeploymentPostprocessing = 0;
		};
		1862D185284345E700FADECC /* Sources */ = {
			isa = PBXSourcesBuildPhase;
			buildActionMask = 2147483647;
			files = (
				1862D190284345E700FADECC /* Tests_macOSLaunchTests.swift in Sources */,
				1862D18E284345E700FADECC /* Tests_macOS.swift in Sources */,
			);
			runOnlyForDeploymentPostprocessing = 0;
		};
/* End PBXSourcesBuildPhase section */

/* Begin PBXTargetDependency section */
		1862D17F284345E700FADECC /* PBXTargetDependency */ = {
			isa = PBXTargetDependency;
			target = 1862D16F284345E700FADECC /* Server-Data-Driven-UI (iOS) */;
			targetProxy = 1862D17E284345E700FADECC /* PBXContainerItemProxy */;
		};
		1862D18B284345E700FADECC /* PBXTargetDependency */ = {
			isa = PBXTargetDependency;
			target = 1862D175284345E700FADECC /* Server-Data-Driven-UI (macOS) */;
			targetProxy = 1862D18A284345E700FADECC /* PBXContainerItemProxy */;
		};
/* End PBXTargetDependency section */

/* Begin XCBuildConfiguration section */
		1862D197284345E700FADECC /* Debug */ = {
			isa = XCBuildConfiguration;
			buildSettings = {
				ALWAYS_SEARCH_USER_PATHS = NO;
				CLANG_ANALYZER_NONNULL = YES;
				CLANG_ANALYZER_NUMBER_OBJECT_CONVERSION = YES_AGGRESSIVE;
				CLANG_CXX_LANGUAGE_STANDARD = "gnu++17";
				CLANG_ENABLE_MODULES = YES;
				CLANG_ENABLE_OBJC_ARC = YES;
				CLANG_ENABLE_OBJC_WEAK = YES;
				CLANG_WARN_BLOCK_CAPTURE_AUTORELEASING = YES;
				CLANG_WARN_BOOL_CONVERSION = YES;
				CLANG_WARN_COMMA = YES;
				CLANG_WARN_CONSTANT_CONVERSION = YES;
				CLANG_WARN_DEPRECATED_OBJC_IMPLEMENTATIONS = YES;
				CLANG_WARN_DIRECT_OBJC_ISA_USAGE = YES_ERROR;
				CLANG_WARN_DOCUMENTATION_COMMENTS = YES;
				CLANG_WARN_EMPTY_BODY = YES;
				CLANG_WARN_ENUM_CONVERSION = YES;
				CLANG_WARN_INFINITE_RECURSION = YES;
				CLANG_WARN_INT_CONVERSION = YES;
				CLANG_WARN_NON_LITERAL_NULL_CONVERSION = YES;
				CLANG_WARN_OBJC_IMPLICIT_RETAIN_SELF = YES;
				CLANG_WARN_OBJC_LITERAL_CONVERSION = YES;
				CLANG_WARN_OBJC_ROOT_CLASS = YES_ERROR;
				CLANG_WARN_QUOTED_INCLUDE_IN_FRAMEWORK_HEADER = YES;
				CLANG_WARN_RANGE_LOOP_ANALYSIS = YES;
				CLANG_WARN_STRICT_PROTOTYPES = YES;
				CLANG_WARN_SUSPICIOUS_MOVE = YES;
				CLANG_WARN_UNGUARDED_AVAILABILITY = YES_AGGRESSIVE;
				CLANG_WARN_UNREACHABLE_CODE = YES;
				CLANG_WARN__DUPLICATE_METHOD_MATCH = YES;
				COPY_PHASE_STRIP = NO;
				DEBUG_INFORMATION_FORMAT = dwarf;
				ENABLE_STRICT_OBJC_MSGSEND = YES;
				ENABLE_TESTABILITY = YES;
				GCC_C_LANGUAGE_STANDARD = gnu11;
				GCC_DYNAMIC_NO_PIC = NO;
				GCC_NO_COMMON_BLOCKS = YES;
				GCC_OPTIMIZATION_LEVEL = 0;
				GCC_PREPROCESSOR_DEFINITIONS = (
					"DEBUG=1",
					"$(inherited)",
				);
				GCC_WARN_64_TO_32_BIT_CONVERSION = YES;
				GCC_WARN_ABOUT_RETURN_TYPE = YES_ERROR;
				GCC_WARN_UNDECLARED_SELECTOR = YES;
				GCC_WARN_UNINITIALIZED_AUTOS = YES_AGGRESSIVE;
				GCC_WARN_UNUSED_FUNCTION = YES;
				GCC_WARN_UNUSED_VARIABLE = YES;
				MTL_ENABLE_DEBUG_INFO = INCLUDE_SOURCE;
				MTL_FAST_MATH = YES;
				ONLY_ACTIVE_ARCH = YES;
				SWIFT_ACTIVE_COMPILATION_CONDITIONS = DEBUG;
				SWIFT_OPTIMIZATION_LEVEL = "-Onone";
			};
			name = Debug;
		};
		1862D198284345E700FADECC /* Release */ = {
			isa = XCBuildConfiguration;
			buildSettings = {
				ALWAYS_SEARCH_USER_PATHS = NO;
				CLANG_ANALYZER_NONNULL = YES;
				CLANG_ANALYZER_NUMBER_OBJECT_CONVERSION = YES_AGGRESSIVE;
				CLANG_CXX_LANGUAGE_STANDARD = "gnu++17";
				CLANG_ENABLE_MODULES = YES;
				CLANG_ENABLE_OBJC_ARC = YES;
				CLANG_ENABLE_OBJC_WEAK = YES;
				CLANG_WARN_BLOCK_CAPTURE_AUTORELEASING = YES;
				CLANG_WARN_BOOL_CONVERSION = YES;
				CLANG_WARN_COMMA = YES;
				CLANG_WARN_CONSTANT_CONVERSION = YES;
				CLANG_WARN_DEPRECATED_OBJC_IMPLEMENTATIONS = YES;
				CLANG_WARN_DIRECT_OBJC_ISA_USAGE = YES_ERROR;
				CLANG_WARN_DOCUMENTATION_COMMENTS = YES;
				CLANG_WARN_EMPTY_BODY = YES;
				CLANG_WARN_ENUM_CONVERSION = YES;
				CLANG_WARN_INFINITE_RECURSION = YES;
				CLANG_WARN_INT_CONVERSION = YES;
				CLANG_WARN_NON_LITERAL_NULL_CONVERSION = YES;
				CLANG_WARN_OBJC_IMPLICIT_RETAIN_SELF = YES;
				CLANG_WARN_OBJC_LITERAL_CONVERSION = YES;
				CLANG_WARN_OBJC_ROOT_CLASS = YES_ERROR;
				CLANG_WARN_QUOTED_INCLUDE_IN_FRAMEWORK_HEADER = YES;
				CLANG_WARN_RANGE_LOOP_ANALYSIS = YES;
				CLANG_WARN_STRICT_PROTOTYPES = YES;
				CLANG_WARN_SUSPICIOUS_MOVE = YES;
				CLANG_WARN_UNGUARDED_AVAILABILITY = YES_AGGRESSIVE;
				CLANG_WARN_UNREACHABLE_CODE = YES;
				CLANG_WARN__DUPLICATE_METHOD_MATCH = YES;
				COPY_PHASE_STRIP = NO;
				DEBUG_INFORMATION_FORMAT = "dwarf-with-dsym";
				ENABLE_NS_ASSERTIONS = NO;
				ENABLE_STRICT_OBJC_MSGSEND = YES;
				GCC_C_LANGUAGE_STANDARD = gnu11;
				GCC_NO_COMMON_BLOCKS = YES;
				GCC_WARN_64_TO_32_BIT_CONVERSION = YES;
				GCC_WARN_ABOUT_RETURN_TYPE = YES_ERROR;
				GCC_WARN_UNDECLARED_SELECTOR = YES;
				GCC_WARN_UNINITIALIZED_AUTOS = YES_AGGRESSIVE;
				GCC_WARN_UNUSED_FUNCTION = YES;
				GCC_WARN_UNUSED_VARIABLE = YES;
				MTL_ENABLE_DEBUG_INFO = NO;
				MTL_FAST_MATH = YES;
				SWIFT_COMPILATION_MODE = wholemodule;
				SWIFT_OPTIMIZATION_LEVEL = "-O";
			};
			name = Release;
		};
		1862D19A284345E700FADECC /* Debug */ = {
			isa = XCBuildConfiguration;
			buildSettings = {
				ASSETCATALOG_COMPILER_APPICON_NAME = AppIcon;
				ASSETCATALOG_COMPILER_GLOBAL_ACCENT_COLOR_NAME = AccentColor;
				CODE_SIGN_STYLE = Automatic;
				CURRENT_PROJECT_VERSION = 1;
				DEVELOPMENT_TEAM = WLNG5C7UJQ;
				ENABLE_PREVIEWS = YES;
				GENERATE_INFOPLIST_FILE = YES;
				INFOPLIST_KEY_UIApplicationSceneManifest_Generation = YES;
				INFOPLIST_KEY_UIApplicationSupportsIndirectInputEvents = YES;
				INFOPLIST_KEY_UILaunchScreen_Generation = YES;
				INFOPLIST_KEY_UISupportedInterfaceOrientations_iPad = "UIInterfaceOrientationPortrait UIInterfaceOrientationPortraitUpsideDown UIInterfaceOrientationLandscapeLeft UIInterfaceOrientationLandscapeRight";
				INFOPLIST_KEY_UISupportedInterfaceOrientations_iPhone = "UIInterfaceOrientationPortrait UIInterfaceOrientationLandscapeLeft UIInterfaceOrientationLandscapeRight";
				IPHONEOS_DEPLOYMENT_TARGET = 15.5;
				LD_RUNPATH_SEARCH_PATHS = (
					"$(inherited)",
					"@executable_path/Frameworks",
				);
				MARKETING_VERSION = 1.0;
				PRODUCT_BUNDLE_IDENTIFIER = "com.vid.Server-Data-Driven-UI";
				PRODUCT_NAME = "Server-Data-Driven-UI";
				SDKROOT = iphoneos;
				SWIFT_EMIT_LOC_STRINGS = YES;
				SWIFT_VERSION = 5.0;
				TARGETED_DEVICE_FAMILY = "1,2";
			};
			name = Debug;
		};
		1862D19B284345E700FADECC /* Release */ = {
			isa = XCBuildConfiguration;
			buildSettings = {
				ASSETCATALOG_COMPILER_APPICON_NAME = AppIcon;
				ASSETCATALOG_COMPILER_GLOBAL_ACCENT_COLOR_NAME = AccentColor;
				CODE_SIGN_STYLE = Automatic;
				CURRENT_PROJECT_VERSION = 1;
				DEVELOPMENT_TEAM = WLNG5C7UJQ;
				ENABLE_PREVIEWS = YES;
				GENERATE_INFOPLIST_FILE = YES;
				INFOPLIST_KEY_UIApplicationSceneManifest_Generation = YES;
				INFOPLIST_KEY_UIApplicationSupportsIndirectInputEvents = YES;
				INFOPLIST_KEY_UILaunchScreen_Generation = YES;
				INFOPLIST_KEY_UISupportedInterfaceOrientations_iPad = "UIInterfaceOrientationPortrait UIInterfaceOrientationPortraitUpsideDown UIInterfaceOrientationLandscapeLeft UIInterfaceOrientationLandscapeRight";
				INFOPLIST_KEY_UISupportedInterfaceOrientations_iPhone = "UIInterfaceOrientationPortrait UIInterfaceOrientationLandscapeLeft UIInterfaceOrientationLandscapeRight";
				IPHONEOS_DEPLOYMENT_TARGET = 15.5;
				LD_RUNPATH_SEARCH_PATHS = (
					"$(inherited)",
					"@executable_path/Frameworks",
				);
				MARKETING_VERSION = 1.0;
				PRODUCT_BUNDLE_IDENTIFIER = "com.vid.Server-Data-Driven-UI";
				PRODUCT_NAME = "Server-Data-Driven-UI";
				SDKROOT = iphoneos;
				SWIFT_EMIT_LOC_STRINGS = YES;
				SWIFT_VERSION = 5.0;
				TARGETED_DEVICE_FAMILY = "1,2";
				VALIDATE_PRODUCT = YES;
			};
			name = Release;
		};
		1862D19D284345E700FADECC /* Debug */ = {
			isa = XCBuildConfiguration;
			buildSettings = {
				ASSETCATALOG_COMPILER_APPICON_NAME = AppIcon;
				ASSETCATALOG_COMPILER_GLOBAL_ACCENT_COLOR_NAME = AccentColor;
				CODE_SIGN_ENTITLEMENTS = macOS/macOS.entitlements;
				CODE_SIGN_STYLE = Automatic;
				COMBINE_HIDPI_IMAGES = YES;
				CURRENT_PROJECT_VERSION = 1;
				DEVELOPMENT_TEAM = WLNG5C7UJQ;
				ENABLE_HARDENED_RUNTIME = YES;
				ENABLE_PREVIEWS = YES;
				GENERATE_INFOPLIST_FILE = YES;
				INFOPLIST_KEY_NSHumanReadableCopyright = "";
				LD_RUNPATH_SEARCH_PATHS = (
					"$(inherited)",
					"@executable_path/../Frameworks",
				);
				MACOSX_DEPLOYMENT_TARGET = 12.3;
				MARKETING_VERSION = 1.0;
				PRODUCT_BUNDLE_IDENTIFIER = "com.vid.Server-Data-Driven-UI";
				PRODUCT_NAME = "Server-Data-Driven-UI";
				SDKROOT = macosx;
				SWIFT_EMIT_LOC_STRINGS = YES;
				SWIFT_VERSION = 5.0;
			};
			name = Debug;
		};
		1862D19E284345E700FADECC /* Release */ = {
			isa = XCBuildConfiguration;
			buildSettings = {
				ASSETCATALOG_COMPILER_APPICON_NAME = AppIcon;
				ASSETCATALOG_COMPILER_GLOBAL_ACCENT_COLOR_NAME = AccentColor;
				CODE_SIGN_ENTITLEMENTS = macOS/macOS.entitlements;
				CODE_SIGN_STYLE = Automatic;
				COMBINE_HIDPI_IMAGES = YES;
				CURRENT_PROJECT_VERSION = 1;
				DEVELOPMENT_TEAM = WLNG5C7UJQ;
				ENABLE_HARDENED_RUNTIME = YES;
				ENABLE_PREVIEWS = YES;
				GENERATE_INFOPLIST_FILE = YES;
				INFOPLIST_KEY_NSHumanReadableCopyright = "";
				LD_RUNPATH_SEARCH_PATHS = (
					"$(inherited)",
					"@executable_path/../Frameworks",
				);
				MACOSX_DEPLOYMENT_TARGET = 12.3;
				MARKETING_VERSION = 1.0;
				PRODUCT_BUNDLE_IDENTIFIER = "com.vid.Server-Data-Driven-UI";
				PRODUCT_NAME = "Server-Data-Driven-UI";
				SDKROOT = macosx;
				SWIFT_EMIT_LOC_STRINGS = YES;
				SWIFT_VERSION = 5.0;
			};
			name = Release;
		};
		1862D1A0284345E700FADECC /* Debug */ = {
			isa = XCBuildConfiguration;
			buildSettings = {
				ALWAYS_EMBED_SWIFT_STANDARD_LIBRARIES = YES;
				CODE_SIGN_STYLE = Automatic;
				CURRENT_PROJECT_VERSION = 1;
				DEVELOPMENT_TEAM = WLNG5C7UJQ;
				GENERATE_INFOPLIST_FILE = YES;
				IPHONEOS_DEPLOYMENT_TARGET = 15.5;
				MARKETING_VERSION = 1.0;
				PRODUCT_BUNDLE_IDENTIFIER = "com.vid.Tests-iOS";
				PRODUCT_NAME = "$(TARGET_NAME)";
				SDKROOT = iphoneos;
				SWIFT_EMIT_LOC_STRINGS = NO;
				SWIFT_VERSION = 5.0;
				TARGETED_DEVICE_FAMILY = "1,2";
				TEST_TARGET_NAME = "Server-Data-Driven-UI (iOS)";
			};
			name = Debug;
		};
		1862D1A1284345E700FADECC /* Release */ = {
			isa = XCBuildConfiguration;
			buildSettings = {
				ALWAYS_EMBED_SWIFT_STANDARD_LIBRARIES = YES;
				CODE_SIGN_STYLE = Automatic;
				CURRENT_PROJECT_VERSION = 1;
				DEVELOPMENT_TEAM = WLNG5C7UJQ;
				GENERATE_INFOPLIST_FILE = YES;
				IPHONEOS_DEPLOYMENT_TARGET = 15.5;
				MARKETING_VERSION = 1.0;
				PRODUCT_BUNDLE_IDENTIFIER = "com.vid.Tests-iOS";
				PRODUCT_NAME = "$(TARGET_NAME)";
				SDKROOT = iphoneos;
				SWIFT_EMIT_LOC_STRINGS = NO;
				SWIFT_VERSION = 5.0;
				TARGETED_DEVICE_FAMILY = "1,2";
				TEST_TARGET_NAME = "Server-Data-Driven-UI (iOS)";
				VALIDATE_PRODUCT = YES;
			};
			name = Release;
		};
		1862D1A3284345E700FADECC /* Debug */ = {
			isa = XCBuildConfiguration;
			buildSettings = {
				ALWAYS_EMBED_SWIFT_STANDARD_LIBRARIES = YES;
				CODE_SIGN_STYLE = Automatic;
				CURRENT_PROJECT_VERSION = 1;
				DEVELOPMENT_TEAM = WLNG5C7UJQ;
				GENERATE_INFOPLIST_FILE = YES;
				MACOSX_DEPLOYMENT_TARGET = 12.3;
				MARKETING_VERSION = 1.0;
				PRODUCT_BUNDLE_IDENTIFIER = "com.vid.Tests-macOS";
				PRODUCT_NAME = "$(TARGET_NAME)";
				SDKROOT = macosx;
				SWIFT_EMIT_LOC_STRINGS = NO;
				SWIFT_VERSION = 5.0;
				TEST_TARGET_NAME = "Server-Data-Driven-UI (macOS)";
			};
			name = Debug;
		};
		1862D1A4284345E700FADECC /* Release */ = {
			isa = XCBuildConfiguration;
			buildSettings = {
				ALWAYS_EMBED_SWIFT_STANDARD_LIBRARIES = YES;
				CODE_SIGN_STYLE = Automatic;
				CURRENT_PROJECT_VERSION = 1;
				DEVELOPMENT_TEAM = WLNG5C7UJQ;
				GENERATE_INFOPLIST_FILE = YES;
				MACOSX_DEPLOYMENT_TARGET = 12.3;
				MARKETING_VERSION = 1.0;
				PRODUCT_BUNDLE_IDENTIFIER = "com.vid.Tests-macOS";
				PRODUCT_NAME = "$(TARGET_NAME)";
				SDKROOT = macosx;
				SWIFT_EMIT_LOC_STRINGS = NO;
				SWIFT_VERSION = 5.0;
				TEST_TARGET_NAME = "Server-Data-Driven-UI (macOS)";
			};
			name = Release;
		};
/* End XCBuildConfiguration section */

/* Begin XCConfigurationList section */
		1862D167284345E300FADECC /* Build configuration list for PBXProject "Server-Data-Driven-UI" */ = {
			isa = XCConfigurationList;
			buildConfigurations = (
				1862D197284345E700FADECC /* Debug */,
				1862D198284345E700FADECC /* Release */,
			);
			defaultConfigurationIsVisible = 0;
			defaultConfigurationName = Release;
		};
		1862D199284345E700FADECC /* Build configuration list for PBXNativeTarget "Server-Data-Driven-UI (iOS)" */ = {
			isa = XCConfigurationList;
			buildConfigurations = (
				1862D19A284345E700FADECC /* Debug */,
				1862D19B284345E700FADECC /* Release */,
			);
			defaultConfigurationIsVisible = 0;
			defaultConfigurationName = Release;
		};
		1862D19C284345E700FADECC /* Build configuration list for PBXNativeTarget "Server-Data-Driven-UI (macOS)" */ = {
			isa = XCConfigurationList;
			buildConfigurations = (
				1862D19D284345E700FADECC /* Debug */,
				1862D19E284345E700FADECC /* Release */,
			);
			defaultConfigurationIsVisible = 0;
			defaultConfigurationName = Release;
		};
		1862D19F284345E700FADECC /* Build configuration list for PBXNativeTarget "Tests iOS" */ = {
			isa = XCConfigurationList;
			buildConfigurations = (
				1862D1A0284345E700FADECC /* Debug */,
				1862D1A1284345E700FADECC /* Release */,
			);
			defaultConfigurationIsVisible = 0;
			defaultConfigurationName = Release;
		};
		1862D1A2284345E700FADECC /* Build configuration list for PBXNativeTarget "Tests macOS" */ = {
			isa = XCConfigurationList;
			buildConfigurations = (
				1862D1A3284345E700FADECC /* Debug */,
				1862D1A4284345E700FADECC /* Release */,
			);
			defaultConfigurationIsVisible = 0;
			defaultConfigurationName = Release;
		};
/* End XCConfigurationList section */
	};
	rootObject = 1862D164284345E300FADECC /* Project object */;
}
